
Microsoft Visual Studio Solution File, Format Version 12.00
# Visual Studio Version 17
VisualStudioVersion = 17.13.35825.156 d17.13
MinimumVisualStudioVersion = 10.0.40219.1
Project("{FAE04EC0-301F-11D3-BF4B-00C04F79EFBC}") = "WebApplication3", "WebApplication3\WebApplication3.csproj", "{42CAA375-B538-4EDD-BDF1-42E891482515}"
EndProject
Global
	GlobalSection(SolutionConfigurationPlatforms) = preSolution
		Debug|Any CPU = Debug|Any CPU
		Release|Any CPU = Release|Any CPU
	EndGlobalSection
	GlobalSection(ProjectConfigurationPlatforms) = postSolution
		{42CAA375-B538-4EDD-BDF1-42E891482515}.Debug|Any CPU.ActiveCfg = Debug|Any CPU
		{42CAA375-B538-4EDD-BDF1-42E891482515}.Debug|Any CPU.Build.0 = Debug|Any CPU
		{42CAA375-B538-4EDD-BDF1-42E891482515}.Release|Any CPU.ActiveCfg = Release|Any CPU
		{42CAA375-B538-4EDD-BDF1-42E891482515}.Release|Any CPU.Build.0 = Release|Any CPU
	EndGlobalSection
	GlobalSection(SolutionProperties) = preSolution
		HideSolutionNode = FALSE
	EndGlobalSection
	GlobalSection(ExtensibilityGlobals) = postSolution
		SolutionGuid = {1BDA46C4-E70F-4BA5-9E0C-1C84E09758F0}
	EndGlobalSection
EndGlobal
